
Microsoft Visual Studio Solution File, Format Version 12.00
# Visual Studio 15
Project("{FAE04EC0-301F-11D3-BF4B-00C04F79EFBC}") = "FirebaseAccess", "FirebaseTest\FirebaseAccess.csproj", "{09B62A31-0D87-4302-A8BC-A0CA9BC60424}"
EndProject
Global
	GlobalSection(SolutionConfigurationPlatforms) = preSolution
		Debug|Any CPU = Debug|Any CPU
		Release|Any CPU = Release|Any CPU
	EndGlobalSection
	GlobalSection(ProjectConfigurationPlatforms) = postSolution
		{09B62A31-0D87-4302-A8BC-A0CA9BC60424}.Debug|Any CPU.ActiveCfg = Debug|Any CPU
		{09B62A31-0D87-4302-A8BC-A0CA9BC60424}.Debug|Any CPU.Build.0 = Debug|Any CPU
		{09B62A31-0D87-4302-A8BC-A0CA9BC60424}.Release|Any CPU.ActiveCfg = Release|Any CPU
		{09B62A31-0D87-4302-A8BC-A0CA9BC60424}.Release|Any CPU.Build.0 = Release|Any CPU
	EndGlobalSection
EndGlobal
